# THIS IS AN AUTOGENERATED FILE. DO NOT EDIT THIS FILE DIRECTLY.
# yarn lockfile v1


defender-autotask-utils@^1.13.0:
  version "1.13.0"
  resolved "https://registry.yarnpkg.com/defender-autotask-utils/-/defender-autotask-utils-1.13.0.tgz#07209e91e9d2f6280f7adf98686243a4100c7fbf"
  integrity sha512-TsZja+trI07/fFQ1gSBVtDO+RGBGWELwrRq0lJ9SOTgPhi6Rl+HZirWWpe6Zs2/mLBc4b3xUVq2QkkXAmE5tuw==
